// !$*UTF8*$!
{
	archiveVersion = 1;
	classes = {
	};
	objectVersion = 50;
	objects = {

/* Begin PBXBuildFile section */
		2702633C2235A1EC008B5910 /* main.cpp in Sources */ = {isa = PBXBuildFile; fileRef = 2702633B2235A1EC008B5910 /* main.cpp */; };
		270263492235A636008B5910 /* TrigGenerator.cpp in Sources */ = {isa = PBXBuildFile; fileRef = 270263472235A636008B5910 /* TrigGenerator.cpp */; };
/* End PBXBuildFile section */

/* Begin PBXCopyFilesBuildPhase section */
		270263362235A1EC008B5910 /* CopyFiles */ = {
			isa = PBXCopyFilesBuildPhase;
			buildActionMask = 2147483647;
			dstPath = /usr/share/man/man1/;
			dstSubfolderSpec = 0;
			files = (
			);
			runOnlyForDeploymentPostprocessing = 1;
		};
/* End PBXCopyFilesBuildPhase section */

/* Begin PBXFileReference section */
		270263382235A1EC008B5910 /* Music */ = {isa = PBXFileReference; explicitFileType = "compiled.mach-o.executable"; includeInIndex = 0; path = Music; sourceTree = BUILT_PRODUCTS_DIR; };
		2702633B2235A1EC008B5910 /* main.cpp */ = {isa = PBXFileReference; lastKnownFileType = sourcecode.cpp.cpp; path = main.cpp; sourceTree = "<group>"; };
		270263432235A22A008B5910 /* libsfml-audio.2.4.2.dylib */ = {isa = PBXFileReference; lastKnownFileType = "compiled.mach-o.dylib"; name = "libsfml-audio.2.4.2.dylib"; path = "../../../../usr/local/Cellar/sfml/2.4.2_1/lib/libsfml-audio.2.4.2.dylib"; sourceTree = "<group>"; };
		270263442235A22A008B5910 /* libsfml-system.2.4.2.dylib */ = {isa = PBXFileReference; lastKnownFileType = "compiled.mach-o.dylib"; name = "libsfml-system.2.4.2.dylib"; path = "../../../../usr/local/Cellar/sfml/2.4.2_1/lib/libsfml-system.2.4.2.dylib"; sourceTree = "<group>"; };
		270263472235A636008B5910 /* TrigGenerator.cpp */ = {isa = PBXFileReference; lastKnownFileType = sourcecode.cpp.cpp; path = TrigGenerator.cpp; sourceTree = "<group>"; };
		270263482235A636008B5910 /* TrigGenerator.hpp */ = {isa = PBXFileReference; lastKnownFileType = sourcecode.cpp.h; path = TrigGenerator.hpp; sourceTree = "<group>"; };
		2702634A2235A6A7008B5910 /* config.h */ = {isa = PBXFileReference; lastKnownFileType = sourcecode.c.h; path = config.h; sourceTree = "<group>"; };
		2737383E223C0500007C2F72 /* SoundGenerator.h */ = {isa = PBXFileReference; lastKnownFileType = sourcecode.c.h; path = SoundGenerator.h; sourceTree = "<group>"; };
		27373840223C7A9A007C2F72 /* SineWaveGenerator.h */ = {isa = PBXFileReference; lastKnownFileType = sourcecode.c.h; path = SineWaveGenerator.h; sourceTree = "<group>"; };
		27373841223D55D2007C2F72 /* util.h */ = {isa = PBXFileReference; lastKnownFileType = sourcecode.c.h; path = util.h; sourceTree = "<group>"; };
		27373844223D601F007C2F72 /* SoundFilter.h */ = {isa = PBXFileReference; lastKnownFileType = sourcecode.c.h; path = SoundFilter.h; sourceTree = "<group>"; };
		27373845223D603E007C2F72 /* VibratoFilter.h */ = {isa = PBXFileReference; lastKnownFileType = sourcecode.c.h; path = VibratoFilter.h; sourceTree = "<group>"; };
		27373846223D745F007C2F72 /* PipeOrganGenerator.h */ = {isa = PBXFileReference; lastKnownFileType = sourcecode.c.h; path = PipeOrganGenerator.h; sourceTree = "<group>"; };
		278CE2F1223DC8F500863F18 /* EnvelopeGenerator.h */ = {isa = PBXFileReference; lastKnownFileType = sourcecode.c.h; path = EnvelopeGenerator.h; sourceTree = "<group>"; };
		278EA591223B2C58002A67FD /* Sheet.h */ = {isa = PBXFileReference; lastKnownFileType = sourcecode.c.h; path = Sheet.h; sourceTree = "<group>"; };
		278EA592223B35F2002A67FD /* DancingMad.h */ = {isa = PBXFileReference; lastKnownFileType = sourcecode.c.h; path = DancingMad.h; sourceTree = "<group>"; };
		279385152246B78E00288A2A /* SimpleTestSong.h */ = {isa = PBXFileReference; lastKnownFileType = sourcecode.c.h; path = SimpleTestSong.h; sourceTree = "<group>"; };
		27DF6218225A55F100335089 /* .gitignore */ = {isa = PBXFileReference; lastKnownFileType = text; path = .gitignore; sourceTree = SOURCE_ROOT; };
		27DF6219225A593C00335089 /* README.md */ = {isa = PBXFileReference; lastKnownFileType = net.daringfireball.markdown; path = README.md; sourceTree = "<group>"; };
		27DF621A225A607800335089 /* SimpleSineWaveGenerator.h */ = {isa = PBXFileReference; lastKnownFileType = sourcecode.c.h; path = SimpleSineWaveGenerator.h; sourceTree = "<group>"; };
		27DF621B225A69F500335089 /* RawSineWaveGenerator.h */ = {isa = PBXFileReference; lastKnownFileType = sourcecode.c.h; path = RawSineWaveGenerator.h; sourceTree = "<group>"; };
		27DF621C225A6E7500335089 /* PipeOrgan.h */ = {isa = PBXFileReference; lastKnownFileType = sourcecode.c.h; path = PipeOrgan.h; sourceTree = "<group>"; };
/* End PBXFileReference section */

/* Begin PBXFrameworksBuildPhase section */
		270263352235A1EC008B5910 /* Frameworks */ = {
			isa = PBXFrameworksBuildPhase;
			buildActionMask = 2147483647;
			files = (
			);
			runOnlyForDeploymentPostprocessing = 0;
		};
/* End PBXFrameworksBuildPhase section */

/* Begin PBXGroup section */
		2702632F2235A1EC008B5910 = {
			isa = PBXGroup;
			children = (
				27DF6219225A593C00335089 /* README.md */,
				27DF6218225A55F100335089 /* .gitignore */,
				2702633A2235A1EC008B5910 /* Music */,
				2737383F223C066D007C2F72 /* Generators */,
				27373843223D5633007C2F72 /* Filters */,
				27373842223D561F007C2F72 /* Phasor */,
				270263392235A1EC008B5910 /* Products */,
				270263422235A22A008B5910 /* Frameworks */,
			);
			sourceTree = "<group>";
		};
		270263392235A1EC008B5910 /* Products */ = {
			isa = PBXGroup;
			children = (
				270263382235A1EC008B5910 /* Music */,
			);
			name = Products;
			sourceTree = "<group>";
		};
		2702633A2235A1EC008B5910 /* Music */ = {
			isa = PBXGroup;
			children = (
				2702634A2235A6A7008B5910 /* config.h */,
				27373841223D55D2007C2F72 /* util.h */,
				2702633B2235A1EC008B5910 /* main.cpp */,
				278EA592223B35F2002A67FD /* DancingMad.h */,
				279385152246B78E00288A2A /* SimpleTestSong.h */,
				278EA591223B2C58002A67FD /* Sheet.h */,
				27DF621C225A6E7500335089 /* PipeOrgan.h */,
			);
			path = Music;
			sourceTree = "<group>";
		};
		270263422235A22A008B5910 /* Frameworks */ = {
			isa = PBXGroup;
			children = (
				270263432235A22A008B5910 /* libsfml-audio.2.4.2.dylib */,
				270263442235A22A008B5910 /* libsfml-system.2.4.2.dylib */,
			);
			name = Frameworks;
			sourceTree = "<group>";
		};
		2737383F223C066D007C2F72 /* Generators */ = {
			isa = PBXGroup;
			children = (
				2737383E223C0500007C2F72 /* SoundGenerator.h */,
				278CE2F1223DC8F500863F18 /* EnvelopeGenerator.h */,
				27373840223C7A9A007C2F72 /* SineWaveGenerator.h */,
				27DF621B225A69F500335089 /* RawSineWaveGenerator.h */,
				27DF621A225A607800335089 /* SimpleSineWaveGenerator.h */,
				27373846223D745F007C2F72 /* PipeOrganGenerator.h */,
			);
			path = Generators;
			sourceTree = "<group>";
		};
		27373842223D561F007C2F72 /* Phasor */ = {
			isa = PBXGroup;
			children = (
				270263482235A636008B5910 /* TrigGenerator.hpp */,
				270263472235A636008B5910 /* TrigGenerator.cpp */,
			);
			path = Phasor;
			sourceTree = "<group>";
		};
		27373843223D5633007C2F72 /* Filters */ = {
			isa = PBXGroup;
			children = (
				27373844223D601F007C2F72 /* SoundFilter.h */,
				27373845223D603E007C2F72 /* VibratoFilter.h */,
			);
			path = Filters;
			sourceTree = "<group>";
		};
/* End PBXGroup section */

/* Begin PBXNativeTarget section */
		270263372235A1EC008B5910 /* Music */ = {
			isa = PBXNativeTarget;
			buildConfigurationList = 2702633F2235A1EC008B5910 /* Build configuration list for PBXNativeTarget "Music" */;
			buildPhases = (
				270263342235A1EC008B5910 /* Sources */,
				270263352235A1EC008B5910 /* Frameworks */,
				270263362235A1EC008B5910 /* CopyFiles */,
			);
			buildRules = (
			);
			dependencies = (
			);
			name = Music;
			productName = Music;
			productReference = 270263382235A1EC008B5910 /* Music */;
			productType = "com.apple.product-type.tool";
		};
/* End PBXNativeTarget section */

/* Begin PBXProject section */
		270263302235A1EC008B5910 /* Project object */ = {
			isa = PBXProject;
			attributes = {
				LastUpgradeCheck = 1010;
				ORGANIZATIONNAME = "Paul Herz";
				TargetAttributes = {
					270263372235A1EC008B5910 = {
						CreatedOnToolsVersion = 10.1;
					};
				};
			};
			buildConfigurationList = 270263332235A1EC008B5910 /* Build configuration list for PBXProject "Music" */;
			compatibilityVersion = "Xcode 9.3";
			developmentRegion = en;
			hasScannedForEncodings = 0;
			knownRegions = (
				en,
				Base,
			);
			mainGroup = 2702632F2235A1EC008B5910;
			productRefGroup = 270263392235A1EC008B5910 /* Products */;
			projectDirPath = "";
			projectRoot = "";
			targets = (
				270263372235A1EC008B5910 /* Music */,
			);
		};
/* End PBXProject section */

/* Begin PBXSourcesBuildPhase section */
		270263342235A1EC008B5910 /* Sources */ = {
			isa = PBXSourcesBuildPhase;
			buildActionMask = 2147483647;
			files = (
				2702633C2235A1EC008B5910 /* main.cpp in Sources */,
				270263492235A636008B5910 /* TrigGenerator.cpp in Sources */,
			);
			runOnlyForDeploymentPostprocessing = 0;
		};
/* End PBXSourcesBuildPhase section */

/* Begin XCBuildConfiguration section */
		2702633D2235A1EC008B5910 /* Debug */ = {
			isa = XCBuildConfiguration;
			buildSettings = {
				ALWAYS_SEARCH_USER_PATHS = NO;
				CLANG_ANALYZER_NONNULL = YES;
				CLANG_ANALYZER_NUMBER_OBJECT_CONVERSION = YES_AGGRESSIVE;
				CLANG_CXX_LANGUAGE_STANDARD = "gnu++14";
				CLANG_CXX_LIBRARY = "libc++";
				CLANG_ENABLE_MODULES = YES;
				CLANG_ENABLE_OBJC_ARC = YES;
				CLANG_ENABLE_OBJC_WEAK = YES;
				CLANG_WARN_BLOCK_CAPTURE_AUTORELEASING = YES;
				CLANG_WARN_BOOL_CONVERSION = YES;
				CLANG_WARN_COMMA = YES;
				CLANG_WARN_CONSTANT_CONVERSION = YES;
				CLANG_WARN_DEPRECATED_OBJC_IMPLEMENTATIONS = YES;
				CLANG_WARN_DIRECT_OBJC_ISA_USAGE = YES_ERROR;
				CLANG_WARN_DOCUMENTATION_COMMENTS = YES;
				CLANG_WARN_EMPTY_BODY = YES;
				CLANG_WARN_ENUM_CONVERSION = YES;
				CLANG_WARN_INFINITE_RECURSION = YES;
				CLANG_WARN_INT_CONVERSION = YES;
				CLANG_WARN_NON_LITERAL_NULL_CONVERSION = YES;
				CLANG_WARN_OBJC_IMPLICIT_RETAIN_SELF = YES;
				CLANG_WARN_OBJC_LITERAL_CONVERSION = YES;
				CLANG_WARN_OBJC_ROOT_CLASS = YES_ERROR;
				CLANG_WARN_RANGE_LOOP_ANALYSIS = YES;
				CLANG_WARN_STRICT_PROTOTYPES = YES;
				CLANG_WARN_SUSPICIOUS_MOVE = YES;
				CLANG_WARN_UNGUARDED_AVAILABILITY = YES_AGGRESSIVE;
				CLANG_WARN_UNREACHABLE_CODE = YES;
				CLANG_WARN__DUPLICATE_METHOD_MATCH = YES;
				CODE_SIGN_IDENTITY = "Mac Developer";
				COPY_PHASE_STRIP = NO;
				DEBUG_INFORMATION_FORMAT = dwarf;
				ENABLE_STRICT_OBJC_MSGSEND = YES;
				ENABLE_TESTABILITY = YES;
				GCC_C_LANGUAGE_STANDARD = gnu11;
				GCC_DYNAMIC_NO_PIC = NO;
				GCC_NO_COMMON_BLOCKS = YES;
				GCC_OPTIMIZATION_LEVEL = 0;
				GCC_PREPROCESSOR_DEFINITIONS = (
					"DEBUG=1",
					"$(inherited)",
				);
				GCC_WARN_64_TO_32_BIT_CONVERSION = YES;
				GCC_WARN_ABOUT_RETURN_TYPE = YES_ERROR;
				GCC_WARN_UNDECLARED_SELECTOR = YES;
				GCC_WARN_UNINITIALIZED_AUTOS = YES_AGGRESSIVE;
				GCC_WARN_UNUSED_FUNCTION = YES;
				GCC_WARN_UNUSED_VARIABLE = YES;
				MACOSX_DEPLOYMENT_TARGET = 10.14;
				MTL_ENABLE_DEBUG_INFO = INCLUDE_SOURCE;
				MTL_FAST_MATH = YES;
				ONLY_ACTIVE_ARCH = YES;
				SDKROOT = macosx;
			};
			name = Debug;
		};
		2702633E2235A1EC008B5910 /* Release */ = {
			isa = XCBuildConfiguration;
			buildSettings = {
				ALWAYS_SEARCH_USER_PATHS = NO;
				CLANG_ANALYZER_NONNULL = YES;
				CLANG_ANALYZER_NUMBER_OBJECT_CONVERSION = YES_AGGRESSIVE;
				CLANG_CXX_LANGUAGE_STANDARD = "gnu++14";
				CLANG_CXX_LIBRARY = "libc++";
				CLANG_ENABLE_MODULES = YES;
				CLANG_ENABLE_OBJC_ARC = YES;
				CLANG_ENABLE_OBJC_WEAK = YES;
				CLANG_WARN_BLOCK_CAPTURE_AUTORELEASING = YES;
				CLANG_WARN_BOOL_CONVERSION = YES;
				CLANG_WARN_COMMA = YES;
				CLANG_WARN_CONSTANT_CONVERSION = YES;
				CLANG_WARN_DEPRECATED_OBJC_IMPLEMENTATIONS = YES;
				CLANG_WARN_DIRECT_OBJC_ISA_USAGE = YES_ERROR;
				CLANG_WARN_DOCUMENTATION_COMMENTS = YES;
				CLANG_WARN_EMPTY_BODY = YES;
				CLANG_WARN_ENUM_CONVERSION = YES;
				CLANG_WARN_INFINITE_RECURSION = YES;
				CLANG_WARN_INT_CONVERSION = YES;
				CLANG_WARN_NON_LITERAL_NULL_CONVERSION = YES;
				CLANG_WARN_OBJC_IMPLICIT_RETAIN_SELF = YES;
				CLANG_WARN_OBJC_LITERAL_CONVERSION = YES;
				CLANG_WARN_OBJC_ROOT_CLASS = YES_ERROR;
				CLANG_WARN_RANGE_LOOP_ANALYSIS = YES;
				CLANG_WARN_STRICT_PROTOTYPES = YES;
				CLANG_WARN_SUSPICIOUS_MOVE = YES;
				CLANG_WARN_UNGUARDED_AVAILABILITY = YES_AGGRESSIVE;
				CLANG_WARN_UNREACHABLE_CODE = YES;
				CLANG_WARN__DUPLICATE_METHOD_MATCH = YES;
				CODE_SIGN_IDENTITY = "Mac Developer";
				COPY_PHASE_STRIP = NO;
				DEBUG_INFORMATION_FORMAT = "dwarf-with-dsym";
				ENABLE_NS_ASSERTIONS = NO;
				ENABLE_STRICT_OBJC_MSGSEND = YES;
				GCC_C_LANGUAGE_STANDARD = gnu11;
				GCC_NO_COMMON_BLOCKS = YES;
				GCC_WARN_64_TO_32_BIT_CONVERSION = YES;
				GCC_WARN_ABOUT_RETURN_TYPE = YES_ERROR;
				GCC_WARN_UNDECLARED_SELECTOR = YES;
				GCC_WARN_UNINITIALIZED_AUTOS = YES_AGGRESSIVE;
				GCC_WARN_UNUSED_FUNCTION = YES;
				GCC_WARN_UNUSED_VARIABLE = YES;
				MACOSX_DEPLOYMENT_TARGET = 10.14;
				MTL_ENABLE_DEBUG_INFO = NO;
				MTL_FAST_MATH = YES;
				SDKROOT = macosx;
			};
			name = Release;
		};
		270263402235A1EC008B5910 /* Debug */ = {
			isa = XCBuildConfiguration;
			buildSettings = {
				CLANG_CXX_LANGUAGE_STANDARD = "gnu++17";
				CLANG_CXX_LIBRARY = "libc++";
				CODE_SIGN_STYLE = Automatic;
				DEVELOPMENT_TEAM = M8MME6Q9DA;
				GCC_OPTIMIZATION_LEVEL = fast;
				LIBRARY_SEARCH_PATHS = (
					"$(inherited)",
					/usr/local/Cellar/sfml/2.4.2_1/lib,
				);
				PRODUCT_NAME = "$(TARGET_NAME)";
				SYSTEM_HEADER_SEARCH_PATHS = "";
				USER_HEADER_SEARCH_PATHS = "";
			};
			name = Debug;
		};
		270263412235A1EC008B5910 /* Release */ = {
			isa = XCBuildConfiguration;
			buildSettings = {
				CLANG_CXX_LANGUAGE_STANDARD = "gnu++17";
				CLANG_CXX_LIBRARY = "libc++";
				CODE_SIGN_STYLE = Automatic;
				DEVELOPMENT_TEAM = M8MME6Q9DA;
				LIBRARY_SEARCH_PATHS = (
					"$(inherited)",
					/usr/local/Cellar/sfml/2.4.2_1/lib,
				);
				PRODUCT_NAME = "$(TARGET_NAME)";
				SYSTEM_HEADER_SEARCH_PATHS = "";
				USER_HEADER_SEARCH_PATHS = "";
			};
			name = Release;
		};
/* End XCBuildConfiguration section */

/* Begin XCConfigurationList section */
		270263332235A1EC008B5910 /* Build configuration list for PBXProject "Music" */ = {
			isa = XCConfigurationList;
			buildConfigurations = (
				2702633D2235A1EC008B5910 /* Debug */,
				2702633E2235A1EC008B5910 /* Release */,
			);
			defaultConfigurationIsVisible = 0;
			defaultConfigurationName = Release;
		};
		2702633F2235A1EC008B5910 /* Build configuration list for PBXNativeTarget "Music" */ = {
			isa = XCConfigurationList;
			buildConfigurations = (
				270263402235A1EC008B5910 /* Debug */,
				270263412235A1EC008B5910 /* Release */,
			);
			defaultConfigurationIsVisible = 0;
			defaultConfigurationName = Release;
		};
/* End XCConfigurationList section */
	};
	rootObject = 270263302235A1EC008B5910 /* Project object */;
}
